
Microsoft Visual Studio Solution File, Format Version 12.00
# Visual Studio Version 16
VisualStudioVersion = 16.0.31702.278
MinimumVisualStudioVersion = 10.0.40219.1
Project("{FAE04EC0-301F-11D3-BF4B-00C04F79EFBC}") = "Prichici_Sanziana_Lab10.Android", "Prichici_Sanziana_Lab10.Android\Prichici_Sanziana_Lab10.Android.csproj", "{4B22EC83-96B6-466D-8C15-D30B65BC8FCB}"
EndProject
Project("{FAE04EC0-301F-11D3-BF4B-00C04F79EFBC}") = "Prichici_Sanziana_Lab10.iOS", "Prichici_Sanziana_Lab10.iOS\Prichici_Sanziana_Lab10.iOS.csproj", "{816DA689-28D3-4DA7-A819-ABC789C346F0}"
EndProject
Project("{FAE04EC0-301F-11D3-BF4B-00C04F79EFBC}") = "Prichici_Sanziana_Lab10", "Prichici_Sanziana_Lab10\Prichici_Sanziana_Lab10.csproj", "{7BB538F5-F191-4EE1-A60D-EE10FA2B5670}"
EndProject
Global
	GlobalSection(SolutionConfigurationPlatforms) = preSolution
		Debug|Any CPU = Debug|Any CPU
		Debug|iPhone = Debug|iPhone
		Debug|iPhoneSimulator = Debug|iPhoneSimulator
		Release|Any CPU = Release|Any CPU
		Release|iPhone = Release|iPhone
		Release|iPhoneSimulator = Release|iPhoneSimulator
	EndGlobalSection
	GlobalSection(ProjectConfigurationPlatforms) = postSolution
		{4B22EC83-96B6-466D-8C15-D30B65BC8FCB}.Debug|Any CPU.ActiveCfg = Debug|Any CPU
		{4B22EC83-96B6-466D-8C15-D30B65BC8FCB}.Debug|Any CPU.Build.0 = Debug|Any CPU
		{4B22EC83-96B6-466D-8C15-D30B65BC8FCB}.Debug|Any CPU.Deploy.0 = Debug|Any CPU
		{4B22EC83-96B6-466D-8C15-D30B65BC8FCB}.Debug|iPhone.ActiveCfg = Debug|Any CPU
		{4B22EC83-96B6-466D-8C15-D30B65BC8FCB}.Debug|iPhone.Build.0 = Debug|Any CPU
		{4B22EC83-96B6-466D-8C15-D30B65BC8FCB}.Debug|iPhone.Deploy.0 = Debug|Any CPU
		{4B22EC83-96B6-466D-8C15-D30B65BC8FCB}.Debug|iPhoneSimulator.ActiveCfg = Debug|Any CPU
		{4B22EC83-96B6-466D-8C15-D30B65BC8FCB}.Debug|iPhoneSimulator.Build.0 = Debug|Any CPU
		{4B22EC83-96B6-466D-8C15-D30B65BC8FCB}.Debug|iPhoneSimulator.Deploy.0 = Debug|Any CPU
		{4B22EC83-96B6-466D-8C15-D30B65BC8FCB}.Release|Any CPU.ActiveCfg = Release|Any CPU
		{4B22EC83-96B6-466D-8C15-D30B65BC8FCB}.Release|Any CPU.Build.0 = Release|Any CPU
		{4B22EC83-96B6-466D-8C15-D30B65BC8FCB}.Release|Any CPU.Deploy.0 = Release|Any CPU
		{4B22EC83-96B6-466D-8C15-D30B65BC8FCB}.Release|iPhone.ActiveCfg = Release|Any CPU
		{4B22EC83-96B6-466D-8C15-D30B65BC8FCB}.Release|iPhone.Build.0 = Release|Any CPU
		{4B22EC83-96B6-466D-8C15-D30B65BC8FCB}.Release|iPhone.Deploy.0 = Release|Any CPU
		{4B22EC83-96B6-466D-8C15-D30B65BC8FCB}.Release|iPhoneSimulator.ActiveCfg = Release|Any CPU
		{4B22EC83-96B6-466D-8C15-D30B65BC8FCB}.Release|iPhoneSimulator.Build.0 = Release|Any CPU
		{4B22EC83-96B6-466D-8C15-D30B65BC8FCB}.Release|iPhoneSimulator.Deploy.0 = Release|Any CPU
		{816DA689-28D3-4DA7-A819-ABC789C346F0}.Debug|Any CPU.ActiveCfg = Debug|iPhone
		{816DA689-28D3-4DA7-A819-ABC789C346F0}.Debug|Any CPU.Build.0 = Debug|iPhone
		{816DA689-28D3-4DA7-A819-ABC789C346F0}.Debug|Any CPU.Deploy.0 = Debug|iPhone
		{816DA689-28D3-4DA7-A819-ABC789C346F0}.Debug|iPhone.ActiveCfg = Debug|iPhone
		{816DA689-28D3-4DA7-A819-ABC789C346F0}.Debug|iPhone.Build.0 = Debug|iPhone
		{816DA689-28D3-4DA7-A819-ABC789C346F0}.Debug|iPhone.Deploy.0 = Debug|iPhone
		{816DA689-28D3-4DA7-A819-ABC789C346F0}.Debug|iPhoneSimulator.ActiveCfg = Debug|iPhoneSimulator
		{816DA689-28D3-4DA7-A819-ABC789C346F0}.Debug|iPhoneSimulator.Build.0 = Debug|iPhoneSimulator
		{816DA689-28D3-4DA7-A819-ABC789C346F0}.Debug|iPhoneSimulator.Deploy.0 = Debug|iPhoneSimulator
		{816DA689-28D3-4DA7-A819-ABC789C346F0}.Release|Any CPU.ActiveCfg = Release|iPhoneSimulator
		{816DA689-28D3-4DA7-A819-ABC789C346F0}.Release|Any CPU.Build.0 = Release|iPhoneSimulator
		{816DA689-28D3-4DA7-A819-ABC789C346F0}.Release|Any CPU.Deploy.0 = Release|iPhoneSimulator
		{816DA689-28D3-4DA7-A819-ABC789C346F0}.Release|iPhone.ActiveCfg = Release|iPhone
		{816DA689-28D3-4DA7-A819-ABC789C346F0}.Release|iPhone.Build.0 = Release|iPhone
		{816DA689-28D3-4DA7-A819-ABC789C346F0}.Release|iPhone.Deploy.0 = Release|iPhone
		{816DA689-28D3-4DA7-A819-ABC789C346F0}.Release|iPhoneSimulator.ActiveCfg = Release|iPhoneSimulator
		{816DA689-28D3-4DA7-A819-ABC789C346F0}.Release|iPhoneSimulator.Build.0 = Release|iPhoneSimulator
		{816DA689-28D3-4DA7-A819-ABC789C346F0}.Release|iPhoneSimulator.Deploy.0 = Release|iPhoneSimulator
		{7BB538F5-F191-4EE1-A60D-EE10FA2B5670}.Debug|Any CPU.ActiveCfg = Debug|Any CPU
		{7BB538F5-F191-4EE1-A60D-EE10FA2B5670}.Debug|Any CPU.Build.0 = Debug|Any CPU
		{7BB538F5-F191-4EE1-A60D-EE10FA2B5670}.Debug|Any CPU.Deploy.0 = Debug|Any CPU
		{7BB538F5-F191-4EE1-A60D-EE10FA2B5670}.Debug|iPhone.ActiveCfg = Debug|Any CPU
		{7BB538F5-F191-4EE1-A60D-EE10FA2B5670}.Debug|iPhone.Build.0 = Debug|Any CPU
		{7BB538F5-F191-4EE1-A60D-EE10FA2B5670}.Debug|iPhone.Deploy.0 = Debug|Any CPU
		{7BB538F5-F191-4EE1-A60D-EE10FA2B5670}.Debug|iPhoneSimulator.ActiveCfg = Debug|Any CPU
		{7BB538F5-F191-4EE1-A60D-EE10FA2B5670}.Debug|iPhoneSimulator.Build.0 = Debug|Any CPU
		{7BB538F5-F191-4EE1-A60D-EE10FA2B5670}.Debug|iPhoneSimulator.Deploy.0 = Debug|Any CPU
		{7BB538F5-F191-4EE1-A60D-EE10FA2B5670}.Release|Any CPU.ActiveCfg = Release|Any CPU
		{7BB538F5-F191-4EE1-A60D-EE10FA2B5670}.Release|Any CPU.Build.0 = Release|Any CPU
		{7BB538F5-F191-4EE1-A60D-EE10FA2B5670}.Release|Any CPU.Deploy.0 = Release|Any CPU
		{7BB538F5-F191-4EE1-A60D-EE10FA2B5670}.Release|iPhone.ActiveCfg = Release|Any CPU
		{7BB538F5-F191-4EE1-A60D-EE10FA2B5670}.Release|iPhone.Build.0 = Release|Any CPU
		{7BB538F5-F191-4EE1-A60D-EE10FA2B5670}.Release|iPhone.Deploy.0 = Release|Any CPU
		{7BB538F5-F191-4EE1-A60D-EE10FA2B5670}.Release|iPhoneSimulator.ActiveCfg = Release|Any CPU
		{7BB538F5-F191-4EE1-A60D-EE10FA2B5670}.Release|iPhoneSimulator.Build.0 = Release|Any CPU
		{7BB538F5-F191-4EE1-A60D-EE10FA2B5670}.Release|iPhoneSimulator.Deploy.0 = Release|Any CPU
	EndGlobalSection
	GlobalSection(SolutionProperties) = preSolution
		HideSolutionNode = FALSE
	EndGlobalSection
	GlobalSection(ExtensibilityGlobals) = postSolution
		SolutionGuid = {DBB8D03F-E221-4B7E-911B-31332D30D71D}
	EndGlobalSection
EndGlobal
